
Microsoft Visual Studio Solution File, Format Version 12.00
# Visual Studio Version 16
VisualStudioVersion = 16.0.31911.196
MinimumVisualStudioVersion = 10.0.40219.1
Project("{FAE04EC0-301F-11D3-BF4B-00C04F79EFBC}") = "KharitonovHik_GroceryStore", "KharitonovHik_GroceryStore\KharitonovHik_GroceryStore.csproj", "{25B5A49E-2E80-4CC5-B56B-799508738DCE}"
EndProject
Project("{FAE04EC0-301F-11D3-BF4B-00C04F79EFBC}") = "HashPasswords", "HashPasswords\HashPasswords.csproj", "{2CA5095E-22FF-4371-9C8F-88BE2ABB056C}"
EndProject
Project("{FAE04EC0-301F-11D3-BF4B-00C04F79EFBC}") = "RegisterUser", "RegisterUser\RegisterUser.csproj", "{7D35383D-ADFD-4DE7-AE9E-78D999CA0A55}"
EndProject
Global
	GlobalSection(SolutionConfigurationPlatforms) = preSolution
		Debug|Any CPU = Debug|Any CPU
		Release|Any CPU = Release|Any CPU
	EndGlobalSection
	GlobalSection(ProjectConfigurationPlatforms) = postSolution
		{25B5A49E-2E80-4CC5-B56B-799508738DCE}.Debug|Any CPU.ActiveCfg = Debug|Any CPU
		{25B5A49E-2E80-4CC5-B56B-799508738DCE}.Debug|Any CPU.Build.0 = Debug|Any CPU
		{25B5A49E-2E80-4CC5-B56B-799508738DCE}.Release|Any CPU.ActiveCfg = Release|Any CPU
		{25B5A49E-2E80-4CC5-B56B-799508738DCE}.Release|Any CPU.Build.0 = Release|Any CPU
		{2CA5095E-22FF-4371-9C8F-88BE2ABB056C}.Debug|Any CPU.ActiveCfg = Debug|Any CPU
		{2CA5095E-22FF-4371-9C8F-88BE2ABB056C}.Debug|Any CPU.Build.0 = Debug|Any CPU
		{2CA5095E-22FF-4371-9C8F-88BE2ABB056C}.Release|Any CPU.ActiveCfg = Release|Any CPU
		{2CA5095E-22FF-4371-9C8F-88BE2ABB056C}.Release|Any CPU.Build.0 = Release|Any CPU
		{7D35383D-ADFD-4DE7-AE9E-78D999CA0A55}.Debug|Any CPU.ActiveCfg = Debug|Any CPU
		{7D35383D-ADFD-4DE7-AE9E-78D999CA0A55}.Debug|Any CPU.Build.0 = Debug|Any CPU
		{7D35383D-ADFD-4DE7-AE9E-78D999CA0A55}.Release|Any CPU.ActiveCfg = Release|Any CPU
		{7D35383D-ADFD-4DE7-AE9E-78D999CA0A55}.Release|Any CPU.Build.0 = Release|Any CPU
	EndGlobalSection
	GlobalSection(SolutionProperties) = preSolution
		HideSolutionNode = FALSE
	EndGlobalSection
	GlobalSection(ExtensibilityGlobals) = postSolution
		SolutionGuid = {BDCAA730-AF7F-481E-A2B0-2F5820E1A9C0}
	EndGlobalSection
EndGlobal
